
Microsoft Visual Studio Solution File, Format Version 12.00
# Visual Studio Version 17
VisualStudioVersion = 17.0.31903.59
MinimumVisualStudioVersion = 10.0.40219.1
Project("{FAE04EC0-301F-11D3-BF4B-00C04F79EFBC}") = "Blockchain.Api", "src\Blockchain.Api\Blockchain.Api.csproj", "{212C2FAE-A098-4433-8011-BD469B55EC74}"
EndProject
Project("{FAE04EC0-301F-11D3-BF4B-00C04F79EFBC}") = "Blockchain.Business", "src\Blockchain.Business\Blockchain.Business.csproj", "{CE990E6B-4737-4156-83FA-7054806810C2}"
EndProject
Global
	GlobalSection(SolutionConfigurationPlatforms) = preSolution
		Debug|Any CPU = Debug|Any CPU
		Release|Any CPU = Release|Any CPU
	EndGlobalSection
	GlobalSection(SolutionProperties) = preSolution
		HideSolutionNode = FALSE
	EndGlobalSection
	GlobalSection(ProjectConfigurationPlatforms) = postSolution
		{212C2FAE-A098-4433-8011-BD469B55EC74}.Debug|Any CPU.ActiveCfg = Debug|Any CPU
		{212C2FAE-A098-4433-8011-BD469B55EC74}.Debug|Any CPU.Build.0 = Debug|Any CPU
		{212C2FAE-A098-4433-8011-BD469B55EC74}.Release|Any CPU.ActiveCfg = Release|Any CPU
		{212C2FAE-A098-4433-8011-BD469B55EC74}.Release|Any CPU.Build.0 = Release|Any CPU
		{CE990E6B-4737-4156-83FA-7054806810C2}.Debug|Any CPU.ActiveCfg = Debug|Any CPU
		{CE990E6B-4737-4156-83FA-7054806810C2}.Debug|Any CPU.Build.0 = Debug|Any CPU
		{CE990E6B-4737-4156-83FA-7054806810C2}.Release|Any CPU.ActiveCfg = Release|Any CPU
		{CE990E6B-4737-4156-83FA-7054806810C2}.Release|Any CPU.Build.0 = Release|Any CPU
	EndGlobalSection
EndGlobal
