
Microsoft Visual Studio Solution File, Format Version 12.00
# Visual Studio Version 17
VisualStudioVersion = 17.11.35327.3
MinimumVisualStudioVersion = 10.0.40219.1
Project("{9A19103F-16F7-4668-BE54-9A1E7A4F7556}") = "Blockchain.Api", "Blockchain.Api.csproj", "{DB7F31F4-CDCF-4ED6-BFFF-3C7529678F07}"
EndProject
Project("{9A19103F-16F7-4668-BE54-9A1E7A4F7556}") = "Blockchain.Business", "..\Blockchain.Business\Blockchain.Business.csproj", "{9BDE0B99-C799-4992-BE34-1DDB56F9263E}"
EndProject
Global
	GlobalSection(SolutionConfigurationPlatforms) = preSolution
		Debug|Any CPU = Debug|Any CPU
		Release|Any CPU = Release|Any CPU
	EndGlobalSection
	GlobalSection(ProjectConfigurationPlatforms) = postSolution
		{DB7F31F4-CDCF-4ED6-BFFF-3C7529678F07}.Debug|Any CPU.ActiveCfg = Debug|Any CPU
		{DB7F31F4-CDCF-4ED6-BFFF-3C7529678F07}.Debug|Any CPU.Build.0 = Debug|Any CPU
		{DB7F31F4-CDCF-4ED6-BFFF-3C7529678F07}.Release|Any CPU.ActiveCfg = Release|Any CPU
		{DB7F31F4-CDCF-4ED6-BFFF-3C7529678F07}.Release|Any CPU.Build.0 = Release|Any CPU
		{9BDE0B99-C799-4992-BE34-1DDB56F9263E}.Debug|Any CPU.ActiveCfg = Debug|Any CPU
		{9BDE0B99-C799-4992-BE34-1DDB56F9263E}.Debug|Any CPU.Build.0 = Debug|Any CPU
		{9BDE0B99-C799-4992-BE34-1DDB56F9263E}.Release|Any CPU.ActiveCfg = Release|Any CPU
		{9BDE0B99-C799-4992-BE34-1DDB56F9263E}.Release|Any CPU.Build.0 = Release|Any CPU
	EndGlobalSection
	GlobalSection(SolutionProperties) = preSolution
		HideSolutionNode = FALSE
	EndGlobalSection
	GlobalSection(ExtensibilityGlobals) = postSolution
		SolutionGuid = {384FA232-75E1-452F-92F2-7C61B1E14E7C}
	EndGlobalSection
EndGlobal
